
Microsoft Visual Studio Solution File, Format Version 12.00
# Visual Studio Version 17
VisualStudioVersion = 17.3.32804.467
MinimumVisualStudioVersion = 10.0.40219.1
Project("{FAE04EC0-301F-11D3-BF4B-00C04F79EFBC}") = "QuickTools", "QuickTools\QuickTools.csproj", "{88EE0F43-9BF4-4A99-9B36-9A6EE5CBF553}"
EndProject
Global
	GlobalSection(SolutionConfigurationPlatforms) = preSolution
		Debug|Any CPU = Debug|Any CPU
		Release|Any CPU = Release|Any CPU
	EndGlobalSection
	GlobalSection(ProjectConfigurationPlatforms) = postSolution
		{88EE0F43-9BF4-4A99-9B36-9A6EE5CBF553}.Debug|Any CPU.ActiveCfg = Debug|Any CPU
		{88EE0F43-9BF4-4A99-9B36-9A6EE5CBF553}.Debug|Any CPU.Build.0 = Debug|Any CPU
		{88EE0F43-9BF4-4A99-9B36-9A6EE5CBF553}.Release|Any CPU.ActiveCfg = Release|Any CPU
		{88EE0F43-9BF4-4A99-9B36-9A6EE5CBF553}.Release|Any CPU.Build.0 = Release|Any CPU
	EndGlobalSection
	GlobalSection(SolutionProperties) = preSolution
		HideSolutionNode = FALSE
	EndGlobalSection
	GlobalSection(ExtensibilityGlobals) = postSolution
		SolutionGuid = {C2201A39-A214-468F-86F8-DED8519DAA45}
	EndGlobalSection
EndGlobal
